
Microsoft Visual Studio Solution File, Format Version 12.00
# Visual Studio Version 17
VisualStudioVersion = 17.6.33829.357
MinimumVisualStudioVersion = 10.0.40219.1
Project("{FAE04EC0-301F-11D3-BF4B-00C04F79EFBC}") = "GrblControlAPI", "GrblControlAPI\GrblControlAPI.csproj", "{2B960C04-6D16-49AB-B4C4-1D5D385DAEA8}"
EndProject
Global
	GlobalSection(SolutionConfigurationPlatforms) = preSolution
		Debug|Any CPU = Debug|Any CPU
		Release|Any CPU = Release|Any CPU
	EndGlobalSection
	GlobalSection(ProjectConfigurationPlatforms) = postSolution
		{2B960C04-6D16-49AB-B4C4-1D5D385DAEA8}.Debug|Any CPU.ActiveCfg = Debug|Any CPU
		{2B960C04-6D16-49AB-B4C4-1D5D385DAEA8}.Debug|Any CPU.Build.0 = Debug|Any CPU
		{2B960C04-6D16-49AB-B4C4-1D5D385DAEA8}.Release|Any CPU.ActiveCfg = Release|Any CPU
		{2B960C04-6D16-49AB-B4C4-1D5D385DAEA8}.Release|Any CPU.Build.0 = Release|Any CPU
	EndGlobalSection
	GlobalSection(SolutionProperties) = preSolution
		HideSolutionNode = FALSE
	EndGlobalSection
	GlobalSection(ExtensibilityGlobals) = postSolution
		SolutionGuid = {57FD8EA3-4272-4301-89D5-8630241DD17E}
	EndGlobalSection
EndGlobal
